
Microsoft Visual Studio Solution File, Format Version 12.00
# Visual Studio Version 17
VisualStudioVersion = 17.5.002.0
MinimumVisualStudioVersion = 10.0.40219.1
Project("{2150E333-8FDC-42A3-9474-1A3956D46DE8}") = "csharp-prep", "csharp-prep", "{A1146B38-1594-4061-96B3-2D8D17699EB9}"
EndProject
Project("{9A19103F-16F7-4668-BE54-9A1E7A4F7556}") = "Prep1", "csharp-prep\Prep1\Prep1.csproj", "{D6929BE7-1B85-466A-877D-99A737E111EC}"
EndProject
Project("{9A19103F-16F7-4668-BE54-9A1E7A4F7556}") = "Prep2", "csharp-prep\Prep2\Prep2.csproj", "{4D375861-4005-4646-8FC0-C06629D44B71}"
EndProject
Project("{9A19103F-16F7-4668-BE54-9A1E7A4F7556}") = "Prep3", "csharp-prep\Prep3\Prep3.csproj", "{534E0BDD-3CE4-4EE9-BB27-27786846AE70}"
EndProject
Project("{9A19103F-16F7-4668-BE54-9A1E7A4F7556}") = "Prep4", "csharp-prep\Prep4\Prep4.csproj", "{7873C8BB-8E51-4C1A-8DE2-06AC824ECE74}"
EndProject
Project("{9A19103F-16F7-4668-BE54-9A1E7A4F7556}") = "Prep5", "csharp-prep\Prep5\Prep5.csproj", "{D9870A97-4CD6-4885-8F6A-EA90A77F6637}"
EndProject
Project("{2150E333-8FDC-42A3-9474-1A3956D46DE8}") = "final", "final", "{B9EDC6CC-A07A-47F7-9CCA-CB16456FE66E}"
EndProject
Project("{9A19103F-16F7-4668-BE54-9A1E7A4F7556}") = "FinalProject", "final\FinalProject\FinalProject.csproj", "{E89F019F-7007-452E-9ED7-97D213A071E5}"
EndProject
Project("{9A19103F-16F7-4668-BE54-9A1E7A4F7556}") = "Foundation1", "final\Foundation1\Foundation1.csproj", "{29888F61-ED6D-4AB3-9B2D-1DE997633C90}"
EndProject
Project("{9A19103F-16F7-4668-BE54-9A1E7A4F7556}") = "Foundation2", "final\Foundation2\Foundation2.csproj", "{DDAE139C-67BA-4365-80CF-8F8E36B2C70C}"
EndProject
Project("{9A19103F-16F7-4668-BE54-9A1E7A4F7556}") = "Foundation3", "final\Foundation3\Foundation3.csproj", "{DFCD4239-4B29-498D-981B-0E8923E5A197}"
EndProject
Project("{9A19103F-16F7-4668-BE54-9A1E7A4F7556}") = "Foundation4", "final\Foundation4\Foundation4.csproj", "{9AFB836B-F38B-4FDA-948A-60DEE9B4682C}"
EndProject
Project("{2150E333-8FDC-42A3-9474-1A3956D46DE8}") = "prepare", "prepare", "{4BA62DE3-C5AE-44DD-A8EA-97CE6D197E3A}"
EndProject
Project("{9A19103F-16F7-4668-BE54-9A1E7A4F7556}") = "Learning02", "prepare\Learning02\Learning02.csproj", "{E0CD3967-534A-483B-AA8E-2932FB7E7CD2}"
EndProject
Project("{9A19103F-16F7-4668-BE54-9A1E7A4F7556}") = "Learning03", "prepare\Learning03\Learning03.csproj", "{5E36621A-0952-4D1B-AAD7-7BBF483D1ACC}"
EndProject
Project("{9A19103F-16F7-4668-BE54-9A1E7A4F7556}") = "Learning04", "prepare\Learning04\Learning04.csproj", "{211AB40F-80CF-4494-89BB-85352EC68AC1}"
EndProject
Project("{9A19103F-16F7-4668-BE54-9A1E7A4F7556}") = "Learning05", "prepare\Learning05\Learning05.csproj", "{716165FE-B2C1-40C4-96A6-1C6BA424B1A6}"
EndProject
Project("{2150E333-8FDC-42A3-9474-1A3956D46DE8}") = "prove", "prove", "{87814D3B-7255-4179-A02E-1CCC0B552BFC}"
EndProject
Project("{9A19103F-16F7-4668-BE54-9A1E7A4F7556}") = "Develop02", "prove\Develop02\Develop02.csproj", "{10CD6E3F-B05F-4937-9AA9-D169D0DCF094}"
EndProject
Project("{9A19103F-16F7-4668-BE54-9A1E7A4F7556}") = "Develop03", "prove\Develop03\Develop03.csproj", "{D351084E-97B6-4F8B-A561-CD785AA2D170}"
EndProject
Project("{9A19103F-16F7-4668-BE54-9A1E7A4F7556}") = "Develop04", "prove\Develop04\Develop04.csproj", "{0490E8D1-CEBF-46CD-AEC0-CE4AB185FAB7}"
EndProject
Project("{9A19103F-16F7-4668-BE54-9A1E7A4F7556}") = "Develop05", "prove\Develop05\Develop05.csproj", "{617FEE8B-7364-408A-86F5-368B73A96BC4}"
EndProject
Project("{2150E333-8FDC-42A3-9474-1A3956D46DE8}") = "sandbox", "sandbox", "{82AC052B-447C-42C5-B661-F754006BD02E}"
EndProject
Project("{9A19103F-16F7-4668-BE54-9A1E7A4F7556}") = "Sandbox", "sandbox\Sandbox\Sandbox.csproj", "{1194AE41-2990-4554-9F3E-66AE00F23644}"
EndProject
Global
	GlobalSection(SolutionConfigurationPlatforms) = preSolution
		Debug|Any CPU = Debug|Any CPU
		Release|Any CPU = Release|Any CPU
	EndGlobalSection
	GlobalSection(ProjectConfigurationPlatforms) = postSolution
		{D6929BE7-1B85-466A-877D-99A737E111EC}.Debug|Any CPU.ActiveCfg = Debug|Any CPU
		{D6929BE7-1B85-466A-877D-99A737E111EC}.Debug|Any CPU.Build.0 = Debug|Any CPU
		{D6929BE7-1B85-466A-877D-99A737E111EC}.Release|Any CPU.ActiveCfg = Release|Any CPU
		{D6929BE7-1B85-466A-877D-99A737E111EC}.Release|Any CPU.Build.0 = Release|Any CPU
		{4D375861-4005-4646-8FC0-C06629D44B71}.Debug|Any CPU.ActiveCfg = Debug|Any CPU
		{4D375861-4005-4646-8FC0-C06629D44B71}.Debug|Any CPU.Build.0 = Debug|Any CPU
		{4D375861-4005-4646-8FC0-C06629D44B71}.Release|Any CPU.ActiveCfg = Release|Any CPU
		{4D375861-4005-4646-8FC0-C06629D44B71}.Release|Any CPU.Build.0 = Release|Any CPU
		{534E0BDD-3CE4-4EE9-BB27-27786846AE70}.Debug|Any CPU.ActiveCfg = Debug|Any CPU
		{534E0BDD-3CE4-4EE9-BB27-27786846AE70}.Debug|Any CPU.Build.0 = Debug|Any CPU
		{534E0BDD-3CE4-4EE9-BB27-27786846AE70}.Release|Any CPU.ActiveCfg = Release|Any CPU
		{534E0BDD-3CE4-4EE9-BB27-27786846AE70}.Release|Any CPU.Build.0 = Release|Any CPU
		{7873C8BB-8E51-4C1A-8DE2-06AC824ECE74}.Debug|Any CPU.ActiveCfg = Debug|Any CPU
		{7873C8BB-8E51-4C1A-8DE2-06AC824ECE74}.Debug|Any CPU.Build.0 = Debug|Any CPU
		{7873C8BB-8E51-4C1A-8DE2-06AC824ECE74}.Release|Any CPU.ActiveCfg = Release|Any CPU
		{7873C8BB-8E51-4C1A-8DE2-06AC824ECE74}.Release|Any CPU.Build.0 = Release|Any CPU
		{D9870A97-4CD6-4885-8F6A-EA90A77F6637}.Debug|Any CPU.ActiveCfg = Debug|Any CPU
		{D9870A97-4CD6-4885-8F6A-EA90A77F6637}.Debug|Any CPU.Build.0 = Debug|Any CPU
		{D9870A97-4CD6-4885-8F6A-EA90A77F6637}.Release|Any CPU.ActiveCfg = Release|Any CPU
		{D9870A97-4CD6-4885-8F6A-EA90A77F6637}.Release|Any CPU.Build.0 = Release|Any CPU
		{E89F019F-7007-452E-9ED7-97D213A071E5}.Debug|Any CPU.ActiveCfg = Debug|Any CPU
		{E89F019F-7007-452E-9ED7-97D213A071E5}.Debug|Any CPU.Build.0 = Debug|Any CPU
		{E89F019F-7007-452E-9ED7-97D213A071E5}.Release|Any CPU.ActiveCfg = Release|Any CPU
		{E89F019F-7007-452E-9ED7-97D213A071E5}.Release|Any CPU.Build.0 = Release|Any CPU
		{29888F61-ED6D-4AB3-9B2D-1DE997633C90}.Debug|Any CPU.ActiveCfg = Debug|Any CPU
		{29888F61-ED6D-4AB3-9B2D-1DE997633C90}.Debug|Any CPU.Build.0 = Debug|Any CPU
		{29888F61-ED6D-4AB3-9B2D-1DE997633C90}.Release|Any CPU.ActiveCfg = Release|Any CPU
		{29888F61-ED6D-4AB3-9B2D-1DE997633C90}.Release|Any CPU.Build.0 = Release|Any CPU
		{DDAE139C-67BA-4365-80CF-8F8E36B2C70C}.Debug|Any CPU.ActiveCfg = Debug|Any CPU
		{DDAE139C-67BA-4365-80CF-8F8E36B2C70C}.Debug|Any CPU.Build.0 = Debug|Any CPU
		{DDAE139C-67BA-4365-80CF-8F8E36B2C70C}.Release|Any CPU.ActiveCfg = Release|Any CPU
		{DDAE139C-67BA-4365-80CF-8F8E36B2C70C}.Release|Any CPU.Build.0 = Release|Any CPU
		{DFCD4239-4B29-498D-981B-0E8923E5A197}.Debug|Any CPU.ActiveCfg = Debug|Any CPU
		{DFCD4239-4B29-498D-981B-0E8923E5A197}.Debug|Any CPU.Build.0 = Debug|Any CPU
		{DFCD4239-4B29-498D-981B-0E8923E5A197}.Release|Any CPU.ActiveCfg = Release|Any CPU
		{DFCD4239-4B29-498D-981B-0E8923E5A197}.Release|Any CPU.Build.0 = Release|Any CPU
		{9AFB836B-F38B-4FDA-948A-60DEE9B4682C}.Debug|Any CPU.ActiveCfg = Debug|Any CPU
		{9AFB836B-F38B-4FDA-948A-60DEE9B4682C}.Debug|Any CPU.Build.0 = Debug|Any CPU
		{9AFB836B-F38B-4FDA-948A-60DEE9B4682C}.Release|Any CPU.ActiveCfg = Release|Any CPU
		{9AFB836B-F38B-4FDA-948A-60DEE9B4682C}.Release|Any CPU.Build.0 = Release|Any CPU
		{E0CD3967-534A-483B-AA8E-2932FB7E7CD2}.Debug|Any CPU.ActiveCfg = Debug|Any CPU
		{E0CD3967-534A-483B-AA8E-2932FB7E7CD2}.Debug|Any CPU.Build.0 = Debug|Any CPU
		{E0CD3967-534A-483B-AA8E-2932FB7E7CD2}.Release|Any CPU.ActiveCfg = Release|Any CPU
		{E0CD3967-534A-483B-AA8E-2932FB7E7CD2}.Release|Any CPU.Build.0 = Release|Any CPU
		{5E36621A-0952-4D1B-AAD7-7BBF483D1ACC}.Debug|Any CPU.ActiveCfg = Debug|Any CPU
		{5E36621A-0952-4D1B-AAD7-7BBF483D1ACC}.Debug|Any CPU.Build.0 = Debug|Any CPU
		{5E36621A-0952-4D1B-AAD7-7BBF483D1ACC}.Release|Any CPU.ActiveCfg = Release|Any CPU
		{5E36621A-0952-4D1B-AAD7-7BBF483D1ACC}.Release|Any CPU.Build.0 = Release|Any CPU
		{211AB40F-80CF-4494-89BB-85352EC68AC1}.Debug|Any CPU.ActiveCfg = Debug|Any CPU
		{211AB40F-80CF-4494-89BB-85352EC68AC1}.Debug|Any CPU.Build.0 = Debug|Any CPU
		{211AB40F-80CF-4494-89BB-85352EC68AC1}.Release|Any CPU.ActiveCfg = Release|Any CPU
		{211AB40F-80CF-4494-89BB-85352EC68AC1}.Release|Any CPU.Build.0 = Release|Any CPU
		{716165FE-B2C1-40C4-96A6-1C6BA424B1A6}.Debug|Any CPU.ActiveCfg = Debug|Any CPU
		{716165FE-B2C1-40C4-96A6-1C6BA424B1A6}.Debug|Any CPU.Build.0 = Debug|Any CPU
		{716165FE-B2C1-40C4-96A6-1C6BA424B1A6}.Release|Any CPU.ActiveCfg = Release|Any CPU
		{716165FE-B2C1-40C4-96A6-1C6BA424B1A6}.Release|Any CPU.Build.0 = Release|Any CPU
		{10CD6E3F-B05F-4937-9AA9-D169D0DCF094}.Debug|Any CPU.ActiveCfg = Debug|Any CPU
		{10CD6E3F-B05F-4937-9AA9-D169D0DCF094}.Debug|Any CPU.Build.0 = Debug|Any CPU
		{10CD6E3F-B05F-4937-9AA9-D169D0DCF094}.Release|Any CPU.ActiveCfg = Release|Any CPU
		{10CD6E3F-B05F-4937-9AA9-D169D0DCF094}.Release|Any CPU.Build.0 = Release|Any CPU
		{D351084E-97B6-4F8B-A561-CD785AA2D170}.Debug|Any CPU.ActiveCfg = Debug|Any CPU
		{D351084E-97B6-4F8B-A561-CD785AA2D170}.Debug|Any CPU.Build.0 = Debug|Any CPU
		{D351084E-97B6-4F8B-A561-CD785AA2D170}.Release|Any CPU.ActiveCfg = Release|Any CPU
		{D351084E-97B6-4F8B-A561-CD785AA2D170}.Release|Any CPU.Build.0 = Release|Any CPU
		{0490E8D1-CEBF-46CD-AEC0-CE4AB185FAB7}.Debug|Any CPU.ActiveCfg = Debug|Any CPU
		{0490E8D1-CEBF-46CD-AEC0-CE4AB185FAB7}.Debug|Any CPU.Build.0 = Debug|Any CPU
		{0490E8D1-CEBF-46CD-AEC0-CE4AB185FAB7}.Release|Any CPU.ActiveCfg = Release|Any CPU
		{0490E8D1-CEBF-46CD-AEC0-CE4AB185FAB7}.Release|Any CPU.Build.0 = Release|Any CPU
		{617FEE8B-7364-408A-86F5-368B73A96BC4}.Debug|Any CPU.ActiveCfg = Debug|Any CPU
		{617FEE8B-7364-408A-86F5-368B73A96BC4}.Debug|Any CPU.Build.0 = Debug|Any CPU
		{617FEE8B-7364-408A-86F5-368B73A96BC4}.Release|Any CPU.ActiveCfg = Release|Any CPU
		{617FEE8B-7364-408A-86F5-368B73A96BC4}.Release|Any CPU.Build.0 = Release|Any CPU
		{1194AE41-2990-4554-9F3E-66AE00F23644}.Debug|Any CPU.ActiveCfg = Debug|Any CPU
		{1194AE41-2990-4554-9F3E-66AE00F23644}.Debug|Any CPU.Build.0 = Debug|Any CPU
		{1194AE41-2990-4554-9F3E-66AE00F23644}.Release|Any CPU.ActiveCfg = Release|Any CPU
		{1194AE41-2990-4554-9F3E-66AE00F23644}.Release|Any CPU.Build.0 = Release|Any CPU
	EndGlobalSection
	GlobalSection(SolutionProperties) = preSolution
		HideSolutionNode = FALSE
	EndGlobalSection
	GlobalSection(NestedProjects) = preSolution
		{D6929BE7-1B85-466A-877D-99A737E111EC} = {A1146B38-1594-4061-96B3-2D8D17699EB9}
		{4D375861-4005-4646-8FC0-C06629D44B71} = {A1146B38-1594-4061-96B3-2D8D17699EB9}
		{534E0BDD-3CE4-4EE9-BB27-27786846AE70} = {A1146B38-1594-4061-96B3-2D8D17699EB9}
		{7873C8BB-8E51-4C1A-8DE2-06AC824ECE74} = {A1146B38-1594-4061-96B3-2D8D17699EB9}
		{D9870A97-4CD6-4885-8F6A-EA90A77F6637} = {A1146B38-1594-4061-96B3-2D8D17699EB9}
		{E89F019F-7007-452E-9ED7-97D213A071E5} = {B9EDC6CC-A07A-47F7-9CCA-CB16456FE66E}
		{29888F61-ED6D-4AB3-9B2D-1DE997633C90} = {B9EDC6CC-A07A-47F7-9CCA-CB16456FE66E}
		{DDAE139C-67BA-4365-80CF-8F8E36B2C70C} = {B9EDC6CC-A07A-47F7-9CCA-CB16456FE66E}
		{DFCD4239-4B29-498D-981B-0E8923E5A197} = {B9EDC6CC-A07A-47F7-9CCA-CB16456FE66E}
		{9AFB836B-F38B-4FDA-948A-60DEE9B4682C} = {B9EDC6CC-A07A-47F7-9CCA-CB16456FE66E}
		{E0CD3967-534A-483B-AA8E-2932FB7E7CD2} = {4BA62DE3-C5AE-44DD-A8EA-97CE6D197E3A}
		{5E36621A-0952-4D1B-AAD7-7BBF483D1ACC} = {4BA62DE3-C5AE-44DD-A8EA-97CE6D197E3A}
		{211AB40F-80CF-4494-89BB-85352EC68AC1} = {4BA62DE3-C5AE-44DD-A8EA-97CE6D197E3A}
		{716165FE-B2C1-40C4-96A6-1C6BA424B1A6} = {4BA62DE3-C5AE-44DD-A8EA-97CE6D197E3A}
		{10CD6E3F-B05F-4937-9AA9-D169D0DCF094} = {87814D3B-7255-4179-A02E-1CCC0B552BFC}
		{D351084E-97B6-4F8B-A561-CD785AA2D170} = {87814D3B-7255-4179-A02E-1CCC0B552BFC}
		{0490E8D1-CEBF-46CD-AEC0-CE4AB185FAB7} = {87814D3B-7255-4179-A02E-1CCC0B552BFC}
		{617FEE8B-7364-408A-86F5-368B73A96BC4} = {87814D3B-7255-4179-A02E-1CCC0B552BFC}
		{1194AE41-2990-4554-9F3E-66AE00F23644} = {82AC052B-447C-42C5-B661-F754006BD02E}
	EndGlobalSection
	GlobalSection(ExtensibilityGlobals) = postSolution
		SolutionGuid = {3AC36001-7416-4C84-A73F-7E0A91AFA3F7}
	EndGlobalSection
EndGlobal
